// !$*UTF8*$!
{
	archiveVersion = 1;
	classes = {
	};
	objectVersion = 56;
	objects = {

/* Begin PBXBuildFile section */
		28F230C729AF017400D3B6BA /* AppDelegate.m in Sources */ = {isa = PBXBuildFile; fileRef = 28F230C629AF017400D3B6BA /* AppDelegate.m */; };
		28F230CD29AF017400D3B6BA /* PlayerViewController.m in Sources */ = {isa = PBXBuildFile; fileRef = 28F230CC29AF017400D3B6BA /* PlayerViewController.m */; };
		28F230D029AF017400D3B6BA /* Main.storyboard in Resources */ = {isa = PBXBuildFile; fileRef = 28F230CE29AF017400D3B6BA /* Main.storyboard */; };
		28F230D229AF017500D3B6BA /* Assets.xcassets in Resources */ = {isa = PBXBuildFile; fileRef = 28F230D129AF017500D3B6BA /* Assets.xcassets */; };
		28F230D529AF017500D3B6BA /* LaunchScreen.storyboard in Resources */ = {isa = PBXBuildFile; fileRef = 28F230D329AF017500D3B6BA /* LaunchScreen.storyboard */; };
		28F230D829AF017500D3B6BA /* main.m in Sources */ = {isa = PBXBuildFile; fileRef = 28F230D729AF017500D3B6BA /* main.m */; };
		59868BB06631C8916AB5BCFA /* Pods_objective_c_demo.framework in Frameworks */ = {isa = PBXBuildFile; fileRef = 5E003F617346D0AE4C7CD616 /* Pods_objective_c_demo.framework */; };
/* End PBXBuildFile section */

/* Begin PBXFileReference section */
		1AA580691249FEDB88901F06 /* Pods-objective-c-demo.release.xcconfig */ = {isa = PBXFileReference; includeInIndex = 1; lastKnownFileType = text.xcconfig; name = "Pods-objective-c-demo.release.xcconfig"; path = "../examples/objective-c-demo/Pods/Target Support Files/Pods-objective-c-demo/Pods-objective-c-demo.release.xcconfig"; sourceTree = "<group>"; };
		28F230C229AF017400D3B6BA /* objective-c-demo.app */ = {isa = PBXFileReference; explicitFileType = wrapper.application; includeInIndex = 0; path = "objective-c-demo.app"; sourceTree = BUILT_PRODUCTS_DIR; };
		28F230C529AF017400D3B6BA /* AppDelegate.h */ = {isa = PBXFileReference; lastKnownFileType = sourcecode.c.h; path = AppDelegate.h; sourceTree = "<group>"; };
		28F230C629AF017400D3B6BA /* AppDelegate.m */ = {isa = PBXFileReference; lastKnownFileType = sourcecode.c.objc; path = AppDelegate.m; sourceTree = "<group>"; };
		28F230CB29AF017400D3B6BA /* PlayerViewController.h */ = {isa = PBXFileReference; lastKnownFileType = sourcecode.c.h; path = PlayerViewController.h; sourceTree = "<group>"; };
		28F230CC29AF017400D3B6BA /* PlayerViewController.m */ = {isa = PBXFileReference; lastKnownFileType = sourcecode.c.objc; path = PlayerViewController.m; sourceTree = "<group>"; };
		28F230CF29AF017400D3B6BA /* Base */ = {isa = PBXFileReference; lastKnownFileType = file.storyboard; name = Base; path = Base.lproj/Main.storyboard; sourceTree = "<group>"; };
		28F230D129AF017500D3B6BA /* Assets.xcassets */ = {isa = PBXFileReference; lastKnownFileType = folder.assetcatalog; path = Assets.xcassets; sourceTree = "<group>"; };
		28F230D429AF017500D3B6BA /* Base */ = {isa = PBXFileReference; lastKnownFileType = file.storyboard; name = Base; path = Base.lproj/LaunchScreen.storyboard; sourceTree = "<group>"; };
		28F230D629AF017500D3B6BA /* Info.plist */ = {isa = PBXFileReference; lastKnownFileType = text.plist.xml; path = Info.plist; sourceTree = "<group>"; };
		28F230D729AF017500D3B6BA /* main.m */ = {isa = PBXFileReference; lastKnownFileType = sourcecode.c.objc; path = main.m; sourceTree = "<group>"; };
		5E003F617346D0AE4C7CD616 /* Pods_objective_c_demo.framework */ = {isa = PBXFileReference; explicitFileType = wrapper.framework; includeInIndex = 0; path = Pods_objective_c_demo.framework; sourceTree = BUILT_PRODUCTS_DIR; };
		B17810FDC48C25D8F2E84585 /* Pods-objective-c-demo.debug.xcconfig */ = {isa = PBXFileReference; includeInIndex = 1; lastKnownFileType = text.xcconfig; name = "Pods-objective-c-demo.debug.xcconfig"; path = "../examples/objective-c-demo/Pods/Target Support Files/Pods-objective-c-demo/Pods-objective-c-demo.debug.xcconfig"; sourceTree = "<group>"; };
/* End PBXFileReference section */

/* Begin PBXFrameworksBuildPhase section */
		28F230BF29AF017400D3B6BA /* Frameworks */ = {
			isa = PBXFrameworksBuildPhase;
			buildActionMask = 2147483647;
			files = (
				59868BB06631C8916AB5BCFA /* Pods_objective_c_demo.framework in Frameworks */,
			);
			runOnlyForDeploymentPostprocessing = 0;
		};
/* End PBXFrameworksBuildPhase section */

/* Begin PBXGroup section */
		28F230B929AF017400D3B6BA = {
			isa = PBXGroup;
			children = (
				28F230C429AF017400D3B6BA /* objective-c-demo */,
				28F230C329AF017400D3B6BA /* Products */,
				79E22549B01D731DF4C15B1A /* Pods */,
				5FF27C92B89CE304980061C7 /* Frameworks */,
			);
			sourceTree = "<group>";
		};
		28F230C329AF017400D3B6BA /* Products */ = {
			isa = PBXGroup;
			children = (
				28F230C229AF017400D3B6BA /* objective-c-demo.app */,
			);
			name = Products;
			sourceTree = "<group>";
		};
		28F230C429AF017400D3B6BA /* objective-c-demo */ = {
			isa = PBXGroup;
			children = (
				28F230C529AF017400D3B6BA /* AppDelegate.h */,
				28F230C629AF017400D3B6BA /* AppDelegate.m */,
				28F230CB29AF017400D3B6BA /* PlayerViewController.h */,
				28F230CC29AF017400D3B6BA /* PlayerViewController.m */,
				28F230CE29AF017400D3B6BA /* Main.storyboard */,
				28F230D129AF017500D3B6BA /* Assets.xcassets */,
				28F230D329AF017500D3B6BA /* LaunchScreen.storyboard */,
				28F230D629AF017500D3B6BA /* Info.plist */,
				28F230D729AF017500D3B6BA /* main.m */,
			);
			path = "objective-c-demo";
			sourceTree = "<group>";
		};
		5FF27C92B89CE304980061C7 /* Frameworks */ = {
			isa = PBXGroup;
			children = (
				5E003F617346D0AE4C7CD616 /* Pods_objective_c_demo.framework */,
			);
			name = Frameworks;
			sourceTree = "<group>";
		};
		79E22549B01D731DF4C15B1A /* Pods */ = {
			isa = PBXGroup;
			children = (
				B17810FDC48C25D8F2E84585 /* Pods-objective-c-demo.debug.xcconfig */,
				1AA580691249FEDB88901F06 /* Pods-objective-c-demo.release.xcconfig */,
			);
			name = Pods;
			path = ../../Pods;
			sourceTree = "<group>";
		};
/* End PBXGroup section */

/* Begin PBXNativeTarget section */
		28F230C129AF017400D3B6BA /* objective-c-demo */ = {
			isa = PBXNativeTarget;
			buildConfigurationList = 28F230DB29AF017500D3B6BA /* Build configuration list for PBXNativeTarget "objective-c-demo" */;
			buildPhases = (
				1EFF619C948364FAEECF90D2 /* [CP] Check Pods Manifest.lock */,
				28F230BE29AF017400D3B6BA /* Sources */,
				28F230BF29AF017400D3B6BA /* Frameworks */,
				28F230C029AF017400D3B6BA /* Resources */,
				8C044D75BC0C404E1A0FD025 /* [CP] Embed Pods Frameworks */,
			);
			buildRules = (
			);
			dependencies = (
			);
			name = "objective-c-demo";
			productName = "objective-c-demo";
			productReference = 28F230C229AF017400D3B6BA /* objective-c-demo.app */;
			productType = "com.apple.product-type.application";
		};
/* End PBXNativeTarget section */

/* Begin PBXProject section */
		28F230BA29AF017400D3B6BA /* Project object */ = {
			isa = PBXProject;
			attributes = {
				BuildIndependentTargetsInParallel = 1;
				LastUpgradeCheck = 1420;
				TargetAttributes = {
					28F230C129AF017400D3B6BA = {
						CreatedOnToolsVersion = 14.2;
					};
				};
			};
			buildConfigurationList = 28F230BD29AF017400D3B6BA /* Build configuration list for PBXProject "objective-c-demo" */;
			compatibilityVersion = "Xcode 14.0";
			developmentRegion = en;
			hasScannedForEncodings = 0;
			knownRegions = (
				en,
				Base,
			);
			mainGroup = 28F230B929AF017400D3B6BA;
			productRefGroup = 28F230C329AF017400D3B6BA /* Products */;
			projectDirPath = "";
			projectRoot = "";
			targets = (
				28F230C129AF017400D3B6BA /* objective-c-demo */,
			);
		};
/* End PBXProject section */

/* Begin PBXResourcesBuildPhase section */
		28F230C029AF017400D3B6BA /* Resources */ = {
			isa = PBXResourcesBuildPhase;
			buildActionMask = 2147483647;
			files = (
				28F230D529AF017500D3B6BA /* LaunchScreen.storyboard in Resources */,
				28F230D229AF017500D3B6BA /* Assets.xcassets in Resources */,
				28F230D029AF017400D3B6BA /* Main.storyboard in Resources */,
			);
			runOnlyForDeploymentPostprocessing = 0;
		};
/* End PBXResourcesBuildPhase section */

/* Begin PBXShellScriptBuildPhase section */
		1EFF619C948364FAEECF90D2 /* [CP] Check Pods Manifest.lock */ = {
			isa = PBXShellScriptBuildPhase;
			buildActionMask = 2147483647;
			files = (
			);
			inputFileListPaths = (
			);
			inputPaths = (
				"${PODS_PODFILE_DIR_PATH}/Podfile.lock",
				"${PODS_ROOT}/Manifest.lock",
			);
			name = "[CP] Check Pods Manifest.lock";
			outputFileListPaths = (
			);
			outputPaths = (
				"$(DERIVED_FILE_DIR)/Pods-objective-c-demo-checkManifestLockResult.txt",
			);
			runOnlyForDeploymentPostprocessing = 0;
			shellPath = /bin/sh;
			shellScript = "diff \"${PODS_PODFILE_DIR_PATH}/Podfile.lock\" \"${PODS_ROOT}/Manifest.lock\" > /dev/null\nif [ $? != 0 ] ; then\n    # print error to STDERR\n    echo \"error: The sandbox is not in sync with the Podfile.lock. Run 'pod install' or update your CocoaPods installation.\" >&2\n    exit 1\nfi\n# This output is used by Xcode 'outputs' to avoid re-running this script phase.\necho \"SUCCESS\" > \"${SCRIPT_OUTPUT_FILE_0}\"\n";
			showEnvVarsInLog = 0;
		};
		8C044D75BC0C404E1A0FD025 /* [CP] Embed Pods Frameworks */ = {
			isa = PBXShellScriptBuildPhase;
			buildActionMask = 2147483647;
			files = (
			);
			inputFileListPaths = (
				"${PODS_ROOT}/Target Support Files/Pods-objective-c-demo/Pods-objective-c-demo-frameworks-${CONFIGURATION}-input-files.xcfilelist",
			);
			name = "[CP] Embed Pods Frameworks";
			outputFileListPaths = (
				"${PODS_ROOT}/Target Support Files/Pods-objective-c-demo/Pods-objective-c-demo-frameworks-${CONFIGURATION}-output-files.xcfilelist",
			);
			runOnlyForDeploymentPostprocessing = 0;
			shellPath = /bin/sh;
			shellScript = "\"${PODS_ROOT}/Target Support Files/Pods-objective-c-demo/Pods-objective-c-demo-frameworks.sh\"\n";
			showEnvVarsInLog = 0;
		};
/* End PBXShellScriptBuildPhase section */

/* Begin PBXSourcesBuildPhase section */
		28F230BE29AF017400D3B6BA /* Sources */ = {
			isa = PBXSourcesBuildPhase;
			buildActionMask = 2147483647;
			files = (
				28F230CD29AF017400D3B6BA /* PlayerViewController.m in Sources */,
				28F230C729AF017400D3B6BA /* AppDelegate.m in Sources */,
				28F230D829AF017500D3B6BA /* main.m in Sources */,
			);
			runOnlyForDeploymentPostprocessing = 0;
		};
/* End PBXSourcesBuildPhase section */

/* Begin PBXVariantGroup section */
		28F230CE29AF017400D3B6BA /* Main.storyboard */ = {
			isa = PBXVariantGroup;
			children = (
				28F230CF29AF017400D3B6BA /* Base */,
			);
			name = Main.storyboard;
			sourceTree = "<group>";
		};
		28F230D329AF017500D3B6BA /* LaunchScreen.storyboard */ = {
			isa = PBXVariantGroup;
			children = (
				28F230D429AF017500D3B6BA /* Base */,
			);
			name = LaunchScreen.storyboard;
			sourceTree = "<group>";
		};
/* End PBXVariantGroup section */

/* Begin XCBuildConfiguration section */
		28F230D929AF017500D3B6BA /* Debug */ = {
			isa = XCBuildConfiguration;
			buildSettings = {
				ALWAYS_SEARCH_USER_PATHS = NO;
				CLANG_ANALYZER_NONNULL = YES;
				CLANG_ANALYZER_NUMBER_OBJECT_CONVERSION = YES_AGGRESSIVE;
				CLANG_CXX_LANGUAGE_STANDARD = "gnu++20";
				CLANG_ENABLE_MODULES = YES;
				CLANG_ENABLE_OBJC_ARC = YES;
				CLANG_ENABLE_OBJC_WEAK = YES;
				CLANG_WARN_BLOCK_CAPTURE_AUTORELEASING = YES;
				CLANG_WARN_BOOL_CONVERSION = YES;
				CLANG_WARN_COMMA = YES;
				CLANG_WARN_CONSTANT_CONVERSION = YES;
				CLANG_WARN_DEPRECATED_OBJC_IMPLEMENTATIONS = YES;
				CLANG_WARN_DIRECT_OBJC_ISA_USAGE = YES_ERROR;
				CLANG_WARN_DOCUMENTATION_COMMENTS = YES;
				CLANG_WARN_EMPTY_BODY = YES;
				CLANG_WARN_ENUM_CONVERSION = YES;
				CLANG_WARN_INFINITE_RECURSION = YES;
				CLANG_WARN_INT_CONVERSION = YES;
				CLANG_WARN_NON_LITERAL_NULL_CONVERSION = YES;
				CLANG_WARN_OBJC_IMPLICIT_RETAIN_SELF = YES;
				CLANG_WARN_OBJC_LITERAL_CONVERSION = YES;
				CLANG_WARN_OBJC_ROOT_CLASS = YES_ERROR;
				CLANG_WARN_QUOTED_INCLUDE_IN_FRAMEWORK_HEADER = YES;
				CLANG_WARN_RANGE_LOOP_ANALYSIS = YES;
				CLANG_WARN_STRICT_PROTOTYPES = YES;
				CLANG_WARN_SUSPICIOUS_MOVE = YES;
				CLANG_WARN_UNGUARDED_AVAILABILITY = YES_AGGRESSIVE;
				CLANG_WARN_UNREACHABLE_CODE = YES;
				CLANG_WARN__DUPLICATE_METHOD_MATCH = YES;
				COPY_PHASE_STRIP = NO;
				DEBUG_INFORMATION_FORMAT = dwarf;
				ENABLE_STRICT_OBJC_MSGSEND = YES;
				ENABLE_TESTABILITY = YES;
				GCC_C_LANGUAGE_STANDARD = gnu11;
				GCC_DYNAMIC_NO_PIC = NO;
				GCC_NO_COMMON_BLOCKS = YES;
				GCC_OPTIMIZATION_LEVEL = 0;
				GCC_PREPROCESSOR_DEFINITIONS = (
					"DEBUG=1",
					"$(inherited)",
				);
				GCC_WARN_64_TO_32_BIT_CONVERSION = YES;
				GCC_WARN_ABOUT_RETURN_TYPE = YES_ERROR;
				GCC_WARN_UNDECLARED_SELECTOR = YES;
				GCC_WARN_UNINITIALIZED_AUTOS = YES_AGGRESSIVE;
				GCC_WARN_UNUSED_FUNCTION = YES;
				GCC_WARN_UNUSED_VARIABLE = YES;
				IPHONEOS_DEPLOYMENT_TARGET = 16.2;
				MTL_ENABLE_DEBUG_INFO = INCLUDE_SOURCE;
				MTL_FAST_MATH = YES;
				ONLY_ACTIVE_ARCH = YES;
				SDKROOT = iphoneos;
			};
			name = Debug;
		};
		28F230DA29AF017500D3B6BA /* Release */ = {
			isa = XCBuildConfiguration;
			buildSettings = {
				ALWAYS_SEARCH_USER_PATHS = NO;
				CLANG_ANALYZER_NONNULL = YES;
				CLANG_ANALYZER_NUMBER_OBJECT_CONVERSION = YES_AGGRESSIVE;
				CLANG_CXX_LANGUAGE_STANDARD = "gnu++20";
				CLANG_ENABLE_MODULES = YES;
				CLANG_ENABLE_OBJC_ARC = YES;
				CLANG_ENABLE_OBJC_WEAK = YES;
				CLANG_WARN_BLOCK_CAPTURE_AUTORELEASING = YES;
				CLANG_WARN_BOOL_CONVERSION = YES;
				CLANG_WARN_COMMA = YES;
				CLANG_WARN_CONSTANT_CONVERSION = YES;
				CLANG_WARN_DEPRECATED_OBJC_IMPLEMENTATIONS = YES;
				CLANG_WARN_DIRECT_OBJC_ISA_USAGE = YES_ERROR;
				CLANG_WARN_DOCUMENTATION_COMMENTS = YES;
				CLANG_WARN_EMPTY_BODY = YES;
				CLANG_WARN_ENUM_CONVERSION = YES;
				CLANG_WARN_INFINITE_RECURSION = YES;
				CLANG_WARN_INT_CONVERSION = YES;
				CLANG_WARN_NON_LITERAL_NULL_CONVERSION = YES;
				CLANG_WARN_OBJC_IMPLICIT_RETAIN_SELF = YES;
				CLANG_WARN_OBJC_LITERAL_CONVERSION = YES;
				CLANG_WARN_OBJC_ROOT_CLASS = YES_ERROR;
				CLANG_WARN_QUOTED_INCLUDE_IN_FRAMEWORK_HEADER = YES;
				CLANG_WARN_RANGE_LOOP_ANALYSIS = YES;
				CLANG_WARN_STRICT_PROTOTYPES = YES;
				CLANG_WARN_SUSPICIOUS_MOVE = YES;
				CLANG_WARN_UNGUARDED_AVAILABILITY = YES_AGGRESSIVE;
				CLANG_WARN_UNREACHABLE_CODE = YES;
				CLANG_WARN__DUPLICATE_METHOD_MATCH = YES;
				COPY_PHASE_STRIP = NO;
				DEBUG_INFORMATION_FORMAT = "dwarf-with-dsym";
				ENABLE_NS_ASSERTIONS = NO;
				ENABLE_STRICT_OBJC_MSGSEND = YES;
				GCC_C_LANGUAGE_STANDARD = gnu11;
				GCC_NO_COMMON_BLOCKS = YES;
				GCC_WARN_64_TO_32_BIT_CONVERSION = YES;
				GCC_WARN_ABOUT_RETURN_TYPE = YES_ERROR;
				GCC_WARN_UNDECLARED_SELECTOR = YES;
				GCC_WARN_UNINITIALIZED_AUTOS = YES_AGGRESSIVE;
				GCC_WARN_UNUSED_FUNCTION = YES;
				GCC_WARN_UNUSED_VARIABLE = YES;
				IPHONEOS_DEPLOYMENT_TARGET = 16.2;
				MTL_ENABLE_DEBUG_INFO = NO;
				MTL_FAST_MATH = YES;
				SDKROOT = iphoneos;
				VALIDATE_PRODUCT = YES;
			};
			name = Release;
		};
		28F230DC29AF017500D3B6BA /* Debug */ = {
			isa = XCBuildConfiguration;
			baseConfigurationReference = B17810FDC48C25D8F2E84585 /* Pods-objective-c-demo.debug.xcconfig */;
			buildSettings = {
				ASSETCATALOG_COMPILER_APPICON_NAME = AppIcon;
				ASSETCATALOG_COMPILER_GLOBAL_ACCENT_COLOR_NAME = AccentColor;
				CODE_SIGN_STYLE = Automatic;
				CURRENT_PROJECT_VERSION = 1;
				DEVELOPMENT_TEAM = BXKWR2LZDX;
				GENERATE_INFOPLIST_FILE = YES;
				INFOPLIST_FILE = "objective-c-demo/Info.plist";
				INFOPLIST_KEY_UIApplicationSupportsIndirectInputEvents = YES;
				INFOPLIST_KEY_UILaunchStoryboardName = LaunchScreen;
				INFOPLIST_KEY_UIMainStoryboardFile = Main;
				INFOPLIST_KEY_UISupportedInterfaceOrientations = UIInterfaceOrientationPortrait;
				LD_RUNPATH_SEARCH_PATHS = (
					"$(inherited)",
					"@executable_path/Frameworks",
				);
				MARKETING_VERSION = 1.0;
				PRODUCT_BUNDLE_IDENTIFIER = "org.cocoapods.demo.mlysdk-objective-c.objective-c-demo";
				PRODUCT_NAME = "$(TARGET_NAME)";
				SWIFT_EMIT_LOC_STRINGS = YES;
				TARGETED_DEVICE_FAMILY = "1,2";
			};
			name = Debug;
		};
		28F230DD29AF017500D3B6BA /* Release */ = {
			isa = XCBuildConfiguration;
			baseConfigurationReference = 1AA580691249FEDB88901F06 /* Pods-objective-c-demo.release.xcconfig */;
			buildSettings = {
				ASSETCATALOG_COMPILER_APPICON_NAME = AppIcon;
				ASSETCATALOG_COMPILER_GLOBAL_ACCENT_COLOR_NAME = AccentColor;
				CODE_SIGN_STYLE = Automatic;
				CURRENT_PROJECT_VERSION = 1;
				DEVELOPMENT_TEAM = BXKWR2LZDX;
				GENERATE_INFOPLIST_FILE = YES;
				INFOPLIST_FILE = "objective-c-demo/Info.plist";
				INFOPLIST_KEY_UIApplicationSupportsIndirectInputEvents = YES;
				INFOPLIST_KEY_UILaunchStoryboardName = LaunchScreen;
				INFOPLIST_KEY_UIMainStoryboardFile = Main;
				INFOPLIST_KEY_UISupportedInterfaceOrientations = UIInterfaceOrientationPortrait;
				LD_RUNPATH_SEARCH_PATHS = (
					"$(inherited)",
					"@executable_path/Frameworks",
				);
				MARKETING_VERSION = 1.0;
				PRODUCT_BUNDLE_IDENTIFIER = "org.cocoapods.demo.mlysdk-objective-c.objective-c-demo";
				PRODUCT_NAME = "$(TARGET_NAME)";
				SWIFT_EMIT_LOC_STRINGS = YES;
				TARGETED_DEVICE_FAMILY = "1,2";
			};
			name = Release;
		};
/* End XCBuildConfiguration section */

/* Begin XCConfigurationList section */
		28F230BD29AF017400D3B6BA /* Build configuration list for PBXProject "objective-c-demo" */ = {
			isa = XCConfigurationList;
			buildConfigurations = (
				28F230D929AF017500D3B6BA /* Debug */,
				28F230DA29AF017500D3B6BA /* Release */,
			);
			defaultConfigurationIsVisible = 0;
			defaultConfigurationName = Release;
		};
		28F230DB29AF017500D3B6BA /* Build configuration list for PBXNativeTarget "objective-c-demo" */ = {
			isa = XCConfigurationList;
			buildConfigurations = (
				28F230DC29AF017500D3B6BA /* Debug */,
				28F230DD29AF017500D3B6BA /* Release */,
			);
			defaultConfigurationIsVisible = 0;
			defaultConfigurationName = Release;
		};
/* End XCConfigurationList section */
	};
	rootObject = 28F230BA29AF017400D3B6BA /* Project object */;
}
