// !$*UTF8*$!
{
	archiveVersion = 1;
	classes = {
	};
	objectVersion = 56;
	objects = {

/* Begin PBXBuildFile section */
		010AA6E13EB90BCCB9F248C6 /* Pods_mlysdk_objective_c_example.framework in Frameworks */ = {isa = PBXBuildFile; fileRef = AE820E2880A9BD26EE4681A6 /* Pods_mlysdk_objective_c_example.framework */; };
		289F02A529AC67690002ED1A /* AppDelegate.m in Sources */ = {isa = PBXBuildFile; fileRef = 289F02A429AC67690002ED1A /* AppDelegate.m */; };
		289F02AB29AC67690002ED1A /* PlayerViewController.m in Sources */ = {isa = PBXBuildFile; fileRef = 289F02AA29AC67690002ED1A /* PlayerViewController.m */; };
		289F02AE29AC67690002ED1A /* Main.storyboard in Resources */ = {isa = PBXBuildFile; fileRef = 289F02AC29AC67690002ED1A /* Main.storyboard */; };
		289F02B029AC676B0002ED1A /* Assets.xcassets in Resources */ = {isa = PBXBuildFile; fileRef = 289F02AF29AC676B0002ED1A /* Assets.xcassets */; };
		289F02B329AC676B0002ED1A /* LaunchScreen.storyboard in Resources */ = {isa = PBXBuildFile; fileRef = 289F02B129AC676B0002ED1A /* LaunchScreen.storyboard */; };
		289F02B629AC676B0002ED1A /* main.m in Sources */ = {isa = PBXBuildFile; fileRef = 289F02B529AC676B0002ED1A /* main.m */; };
/* End PBXBuildFile section */

/* Begin PBXFileReference section */
		10FAEB6D2B2F29125F689F7D /* Pods-mlysdk_objective_c-example.debug.xcconfig */ = {isa = PBXFileReference; includeInIndex = 1; lastKnownFileType = text.xcconfig; name = "Pods-mlysdk_objective_c-example.debug.xcconfig"; path = "Target Support Files/Pods-mlysdk_objective_c-example/Pods-mlysdk_objective_c-example.debug.xcconfig"; sourceTree = "<group>"; };
		289F02A029AC67690002ED1A /* mlysdk_objective_c-example.app */ = {isa = PBXFileReference; explicitFileType = wrapper.application; includeInIndex = 0; path = "mlysdk_objective_c-example.app"; sourceTree = BUILT_PRODUCTS_DIR; };
		289F02A329AC67690002ED1A /* AppDelegate.h */ = {isa = PBXFileReference; lastKnownFileType = sourcecode.c.h; path = AppDelegate.h; sourceTree = "<group>"; };
		289F02A429AC67690002ED1A /* AppDelegate.m */ = {isa = PBXFileReference; lastKnownFileType = sourcecode.c.objc; path = AppDelegate.m; sourceTree = "<group>"; };
		289F02A929AC67690002ED1A /* PlayerViewController.h */ = {isa = PBXFileReference; lastKnownFileType = sourcecode.c.h; path = PlayerViewController.h; sourceTree = "<group>"; };
		289F02AA29AC67690002ED1A /* PlayerViewController.m */ = {isa = PBXFileReference; lastKnownFileType = sourcecode.c.objc; path = PlayerViewController.m; sourceTree = "<group>"; };
		289F02AD29AC67690002ED1A /* Base */ = {isa = PBXFileReference; lastKnownFileType = file.storyboard; name = Base; path = Base.lproj/Main.storyboard; sourceTree = "<group>"; };
		289F02AF29AC676B0002ED1A /* Assets.xcassets */ = {isa = PBXFileReference; lastKnownFileType = folder.assetcatalog; path = Assets.xcassets; sourceTree = "<group>"; };
		289F02B229AC676B0002ED1A /* Base */ = {isa = PBXFileReference; lastKnownFileType = file.storyboard; name = Base; path = Base.lproj/LaunchScreen.storyboard; sourceTree = "<group>"; };
		289F02B429AC676B0002ED1A /* Info.plist */ = {isa = PBXFileReference; lastKnownFileType = text.plist.xml; path = Info.plist; sourceTree = "<group>"; };
		289F02B529AC676B0002ED1A /* main.m */ = {isa = PBXFileReference; lastKnownFileType = sourcecode.c.objc; path = main.m; sourceTree = "<group>"; };
		29E1EF44CC7C10DF052098B1 /* Pods-mlysdk_objective_c-example.release.xcconfig */ = {isa = PBXFileReference; includeInIndex = 1; lastKnownFileType = text.xcconfig; name = "Pods-mlysdk_objective_c-example.release.xcconfig"; path = "Target Support Files/Pods-mlysdk_objective_c-example/Pods-mlysdk_objective_c-example.release.xcconfig"; sourceTree = "<group>"; };
		AE820E2880A9BD26EE4681A6 /* Pods_mlysdk_objective_c_example.framework */ = {isa = PBXFileReference; explicitFileType = wrapper.framework; includeInIndex = 0; path = Pods_mlysdk_objective_c_example.framework; sourceTree = BUILT_PRODUCTS_DIR; };
/* End PBXFileReference section */

/* Begin PBXFrameworksBuildPhase section */
		289F029D29AC67690002ED1A /* Frameworks */ = {
			isa = PBXFrameworksBuildPhase;
			buildActionMask = 2147483647;
			files = (
				010AA6E13EB90BCCB9F248C6 /* Pods_mlysdk_objective_c_example.framework in Frameworks */,
			);
			runOnlyForDeploymentPostprocessing = 0;
		};
/* End PBXFrameworksBuildPhase section */

/* Begin PBXGroup section */
		289F029729AC67690002ED1A = {
			isa = PBXGroup;
			children = (
				289F02A229AC67690002ED1A /* mlysdk_objective_c-example */,
				289F02A129AC67690002ED1A /* Products */,
				9800036210D92507367F5D1D /* Pods */,
				61F007DD83091935C5292F60 /* Frameworks */,
			);
			sourceTree = "<group>";
		};
		289F02A129AC67690002ED1A /* Products */ = {
			isa = PBXGroup;
			children = (
				289F02A029AC67690002ED1A /* mlysdk_objective_c-example.app */,
			);
			name = Products;
			sourceTree = "<group>";
		};
		289F02A229AC67690002ED1A /* mlysdk_objective_c-example */ = {
			isa = PBXGroup;
			children = (
				289F02A329AC67690002ED1A /* AppDelegate.h */,
				289F02A429AC67690002ED1A /* AppDelegate.m */,
				289F02A929AC67690002ED1A /* PlayerViewController.h */,
				289F02AA29AC67690002ED1A /* PlayerViewController.m */,
				289F02AC29AC67690002ED1A /* Main.storyboard */,
				289F02AF29AC676B0002ED1A /* Assets.xcassets */,
				289F02B129AC676B0002ED1A /* LaunchScreen.storyboard */,
				289F02B429AC676B0002ED1A /* Info.plist */,
				289F02B529AC676B0002ED1A /* main.m */,
			);
			path = "mlysdk_objective_c-example";
			sourceTree = "<group>";
		};
		61F007DD83091935C5292F60 /* Frameworks */ = {
			isa = PBXGroup;
			children = (
				AE820E2880A9BD26EE4681A6 /* Pods_mlysdk_objective_c_example.framework */,
			);
			name = Frameworks;
			sourceTree = "<group>";
		};
		9800036210D92507367F5D1D /* Pods */ = {
			isa = PBXGroup;
			children = (
				10FAEB6D2B2F29125F689F7D /* Pods-mlysdk_objective_c-example.debug.xcconfig */,
				29E1EF44CC7C10DF052098B1 /* Pods-mlysdk_objective_c-example.release.xcconfig */,
			);
			name = Pods;
			path = ../Pods;
			sourceTree = "<group>";
		};
/* End PBXGroup section */

/* Begin PBXNativeTarget section */
		289F029F29AC67690002ED1A /* mlysdk_objective_c-example */ = {
			isa = PBXNativeTarget;
			buildConfigurationList = 289F02B929AC676B0002ED1A /* Build configuration list for PBXNativeTarget "mlysdk_objective_c-example" */;
			buildPhases = (
				44C54D0D80AA7B4CBAEA623B /* [CP] Check Pods Manifest.lock */,
				289F029C29AC67690002ED1A /* Sources */,
				289F029D29AC67690002ED1A /* Frameworks */,
				289F029E29AC67690002ED1A /* Resources */,
				6B29C554565A1841ECEFBF98 /* [CP] Embed Pods Frameworks */,
			);
			buildRules = (
			);
			dependencies = (
			);
			name = "mlysdk_objective_c-example";
			productName = "mlysdk_objective_c-example";
			productReference = 289F02A029AC67690002ED1A /* mlysdk_objective_c-example.app */;
			productType = "com.apple.product-type.application";
		};
/* End PBXNativeTarget section */

/* Begin PBXProject section */
		289F029829AC67690002ED1A /* Project object */ = {
			isa = PBXProject;
			attributes = {
				BuildIndependentTargetsInParallel = 1;
				LastUpgradeCheck = 1420;
				TargetAttributes = {
					289F029F29AC67690002ED1A = {
						CreatedOnToolsVersion = 14.2;
					};
				};
			};
			buildConfigurationList = 289F029B29AC67690002ED1A /* Build configuration list for PBXProject "mlysdk_objective_c-example" */;
			compatibilityVersion = "Xcode 14.0";
			developmentRegion = en;
			hasScannedForEncodings = 0;
			knownRegions = (
				en,
				Base,
			);
			mainGroup = 289F029729AC67690002ED1A;
			productRefGroup = 289F02A129AC67690002ED1A /* Products */;
			projectDirPath = "";
			projectRoot = "";
			targets = (
				289F029F29AC67690002ED1A /* mlysdk_objective_c-example */,
			);
		};
/* End PBXProject section */

/* Begin PBXResourcesBuildPhase section */
		289F029E29AC67690002ED1A /* Resources */ = {
			isa = PBXResourcesBuildPhase;
			buildActionMask = 2147483647;
			files = (
				289F02B329AC676B0002ED1A /* LaunchScreen.storyboard in Resources */,
				289F02B029AC676B0002ED1A /* Assets.xcassets in Resources */,
				289F02AE29AC67690002ED1A /* Main.storyboard in Resources */,
			);
			runOnlyForDeploymentPostprocessing = 0;
		};
/* End PBXResourcesBuildPhase section */

/* Begin PBXShellScriptBuildPhase section */
		44C54D0D80AA7B4CBAEA623B /* [CP] Check Pods Manifest.lock */ = {
			isa = PBXShellScriptBuildPhase;
			buildActionMask = 2147483647;
			files = (
			);
			inputFileListPaths = (
			);
			inputPaths = (
				"${PODS_PODFILE_DIR_PATH}/Podfile.lock",
				"${PODS_ROOT}/Manifest.lock",
			);
			name = "[CP] Check Pods Manifest.lock";
			outputFileListPaths = (
			);
			outputPaths = (
				"$(DERIVED_FILE_DIR)/Pods-mlysdk_objective_c-example-checkManifestLockResult.txt",
			);
			runOnlyForDeploymentPostprocessing = 0;
			shellPath = /bin/sh;
			shellScript = "diff \"${PODS_PODFILE_DIR_PATH}/Podfile.lock\" \"${PODS_ROOT}/Manifest.lock\" > /dev/null\nif [ $? != 0 ] ; then\n    # print error to STDERR\n    echo \"error: The sandbox is not in sync with the Podfile.lock. Run 'pod install' or update your CocoaPods installation.\" >&2\n    exit 1\nfi\n# This output is used by Xcode 'outputs' to avoid re-running this script phase.\necho \"SUCCESS\" > \"${SCRIPT_OUTPUT_FILE_0}\"\n";
			showEnvVarsInLog = 0;
		};
		6B29C554565A1841ECEFBF98 /* [CP] Embed Pods Frameworks */ = {
			isa = PBXShellScriptBuildPhase;
			buildActionMask = 2147483647;
			files = (
			);
			inputFileListPaths = (
				"${PODS_ROOT}/Target Support Files/Pods-mlysdk_objective_c-example/Pods-mlysdk_objective_c-example-frameworks-${CONFIGURATION}-input-files.xcfilelist",
			);
			name = "[CP] Embed Pods Frameworks";
			outputFileListPaths = (
				"${PODS_ROOT}/Target Support Files/Pods-mlysdk_objective_c-example/Pods-mlysdk_objective_c-example-frameworks-${CONFIGURATION}-output-files.xcfilelist",
			);
			runOnlyForDeploymentPostprocessing = 0;
			shellPath = /bin/sh;
			shellScript = "\"${PODS_ROOT}/Target Support Files/Pods-mlysdk_objective_c-example/Pods-mlysdk_objective_c-example-frameworks.sh\"\n";
			showEnvVarsInLog = 0;
		};
/* End PBXShellScriptBuildPhase section */

/* Begin PBXSourcesBuildPhase section */
		289F029C29AC67690002ED1A /* Sources */ = {
			isa = PBXSourcesBuildPhase;
			buildActionMask = 2147483647;
			files = (
				289F02AB29AC67690002ED1A /* PlayerViewController.m in Sources */,
				289F02A529AC67690002ED1A /* AppDelegate.m in Sources */,
				289F02B629AC676B0002ED1A /* main.m in Sources */,
			);
			runOnlyForDeploymentPostprocessing = 0;
		};
/* End PBXSourcesBuildPhase section */

/* Begin PBXVariantGroup section */
		289F02AC29AC67690002ED1A /* Main.storyboard */ = {
			isa = PBXVariantGroup;
			children = (
				289F02AD29AC67690002ED1A /* Base */,
			);
			name = Main.storyboard;
			sourceTree = "<group>";
		};
		289F02B129AC676B0002ED1A /* LaunchScreen.storyboard */ = {
			isa = PBXVariantGroup;
			children = (
				289F02B229AC676B0002ED1A /* Base */,
			);
			name = LaunchScreen.storyboard;
			sourceTree = "<group>";
		};
/* End PBXVariantGroup section */

/* Begin XCBuildConfiguration section */
		289F02B729AC676B0002ED1A /* Debug */ = {
			isa = XCBuildConfiguration;
			buildSettings = {
				ALWAYS_SEARCH_USER_PATHS = NO;
				CLANG_ANALYZER_NONNULL = YES;
				CLANG_ANALYZER_NUMBER_OBJECT_CONVERSION = YES_AGGRESSIVE;
				CLANG_CXX_LANGUAGE_STANDARD = "gnu++20";
				CLANG_ENABLE_MODULES = YES;
				CLANG_ENABLE_OBJC_ARC = YES;
				CLANG_ENABLE_OBJC_WEAK = YES;
				CLANG_WARN_BLOCK_CAPTURE_AUTORELEASING = YES;
				CLANG_WARN_BOOL_CONVERSION = YES;
				CLANG_WARN_COMMA = YES;
				CLANG_WARN_CONSTANT_CONVERSION = YES;
				CLANG_WARN_DEPRECATED_OBJC_IMPLEMENTATIONS = YES;
				CLANG_WARN_DIRECT_OBJC_ISA_USAGE = YES_ERROR;
				CLANG_WARN_DOCUMENTATION_COMMENTS = YES;
				CLANG_WARN_EMPTY_BODY = YES;
				CLANG_WARN_ENUM_CONVERSION = YES;
				CLANG_WARN_INFINITE_RECURSION = YES;
				CLANG_WARN_INT_CONVERSION = YES;
				CLANG_WARN_NON_LITERAL_NULL_CONVERSION = YES;
				CLANG_WARN_OBJC_IMPLICIT_RETAIN_SELF = YES;
				CLANG_WARN_OBJC_LITERAL_CONVERSION = YES;
				CLANG_WARN_OBJC_ROOT_CLASS = YES_ERROR;
				CLANG_WARN_QUOTED_INCLUDE_IN_FRAMEWORK_HEADER = YES;
				CLANG_WARN_RANGE_LOOP_ANALYSIS = YES;
				CLANG_WARN_STRICT_PROTOTYPES = YES;
				CLANG_WARN_SUSPICIOUS_MOVE = YES;
				CLANG_WARN_UNGUARDED_AVAILABILITY = YES_AGGRESSIVE;
				CLANG_WARN_UNREACHABLE_CODE = YES;
				CLANG_WARN__DUPLICATE_METHOD_MATCH = YES;
				COPY_PHASE_STRIP = NO;
				DEBUG_INFORMATION_FORMAT = dwarf;
				ENABLE_STRICT_OBJC_MSGSEND = YES;
				ENABLE_TESTABILITY = YES;
				GCC_C_LANGUAGE_STANDARD = gnu11;
				GCC_DYNAMIC_NO_PIC = NO;
				GCC_NO_COMMON_BLOCKS = YES;
				GCC_OPTIMIZATION_LEVEL = 0;
				GCC_PREPROCESSOR_DEFINITIONS = (
					"DEBUG=1",
					"$(inherited)",
				);
				GCC_WARN_64_TO_32_BIT_CONVERSION = YES;
				GCC_WARN_ABOUT_RETURN_TYPE = YES_ERROR;
				GCC_WARN_UNDECLARED_SELECTOR = YES;
				GCC_WARN_UNINITIALIZED_AUTOS = YES_AGGRESSIVE;
				GCC_WARN_UNUSED_FUNCTION = YES;
				GCC_WARN_UNUSED_VARIABLE = YES;
				IPHONEOS_DEPLOYMENT_TARGET = 16.2;
				MTL_ENABLE_DEBUG_INFO = INCLUDE_SOURCE;
				MTL_FAST_MATH = YES;
				ONLY_ACTIVE_ARCH = YES;
				SDKROOT = iphoneos;
			};
			name = Debug;
		};
		289F02B829AC676B0002ED1A /* Release */ = {
			isa = XCBuildConfiguration;
			buildSettings = {
				ALWAYS_SEARCH_USER_PATHS = NO;
				CLANG_ANALYZER_NONNULL = YES;
				CLANG_ANALYZER_NUMBER_OBJECT_CONVERSION = YES_AGGRESSIVE;
				CLANG_CXX_LANGUAGE_STANDARD = "gnu++20";
				CLANG_ENABLE_MODULES = YES;
				CLANG_ENABLE_OBJC_ARC = YES;
				CLANG_ENABLE_OBJC_WEAK = YES;
				CLANG_WARN_BLOCK_CAPTURE_AUTORELEASING = YES;
				CLANG_WARN_BOOL_CONVERSION = YES;
				CLANG_WARN_COMMA = YES;
				CLANG_WARN_CONSTANT_CONVERSION = YES;
				CLANG_WARN_DEPRECATED_OBJC_IMPLEMENTATIONS = YES;
				CLANG_WARN_DIRECT_OBJC_ISA_USAGE = YES_ERROR;
				CLANG_WARN_DOCUMENTATION_COMMENTS = YES;
				CLANG_WARN_EMPTY_BODY = YES;
				CLANG_WARN_ENUM_CONVERSION = YES;
				CLANG_WARN_INFINITE_RECURSION = YES;
				CLANG_WARN_INT_CONVERSION = YES;
				CLANG_WARN_NON_LITERAL_NULL_CONVERSION = YES;
				CLANG_WARN_OBJC_IMPLICIT_RETAIN_SELF = YES;
				CLANG_WARN_OBJC_LITERAL_CONVERSION = YES;
				CLANG_WARN_OBJC_ROOT_CLASS = YES_ERROR;
				CLANG_WARN_QUOTED_INCLUDE_IN_FRAMEWORK_HEADER = YES;
				CLANG_WARN_RANGE_LOOP_ANALYSIS = YES;
				CLANG_WARN_STRICT_PROTOTYPES = YES;
				CLANG_WARN_SUSPICIOUS_MOVE = YES;
				CLANG_WARN_UNGUARDED_AVAILABILITY = YES_AGGRESSIVE;
				CLANG_WARN_UNREACHABLE_CODE = YES;
				CLANG_WARN__DUPLICATE_METHOD_MATCH = YES;
				COPY_PHASE_STRIP = NO;
				DEBUG_INFORMATION_FORMAT = "dwarf-with-dsym";
				ENABLE_NS_ASSERTIONS = NO;
				ENABLE_STRICT_OBJC_MSGSEND = YES;
				GCC_C_LANGUAGE_STANDARD = gnu11;
				GCC_NO_COMMON_BLOCKS = YES;
				GCC_WARN_64_TO_32_BIT_CONVERSION = YES;
				GCC_WARN_ABOUT_RETURN_TYPE = YES_ERROR;
				GCC_WARN_UNDECLARED_SELECTOR = YES;
				GCC_WARN_UNINITIALIZED_AUTOS = YES_AGGRESSIVE;
				GCC_WARN_UNUSED_FUNCTION = YES;
				GCC_WARN_UNUSED_VARIABLE = YES;
				IPHONEOS_DEPLOYMENT_TARGET = 16.2;
				MTL_ENABLE_DEBUG_INFO = NO;
				MTL_FAST_MATH = YES;
				SDKROOT = iphoneos;
				VALIDATE_PRODUCT = YES;
			};
			name = Release;
		};
		289F02BA29AC676B0002ED1A /* Debug */ = {
			isa = XCBuildConfiguration;
			baseConfigurationReference = 10FAEB6D2B2F29125F689F7D /* Pods-mlysdk_objective_c-example.debug.xcconfig */;
			buildSettings = {
				ASSETCATALOG_COMPILER_APPICON_NAME = AppIcon;
				ASSETCATALOG_COMPILER_GLOBAL_ACCENT_COLOR_NAME = AccentColor;
				CODE_SIGN_STYLE = Automatic;
				CURRENT_PROJECT_VERSION = 1;
				DEVELOPMENT_TEAM = BXKWR2LZDX;
				GENERATE_INFOPLIST_FILE = YES;
				INFOPLIST_FILE = "mlysdk_objective_c-example/Info.plist";
				INFOPLIST_KEY_UIApplicationSupportsIndirectInputEvents = YES;
				INFOPLIST_KEY_UILaunchStoryboardName = LaunchScreen.storyboard;
				INFOPLIST_KEY_UIMainStoryboardFile = Main;
				INFOPLIST_KEY_UISupportedInterfaceOrientations = UIInterfaceOrientationPortrait;
				IPHONEOS_DEPLOYMENT_TARGET = 14.0;
				LD_RUNPATH_SEARCH_PATHS = (
					"$(inherited)",
					"@executable_path/Frameworks",
				);
				MARKETING_VERSION = 1.0;
				PRODUCT_BUNDLE_IDENTIFIER = "org.cocoapods.demo.mlysdk-objective-c.mlysdk-objective-c-example";
				PRODUCT_NAME = "$(TARGET_NAME)";
				SWIFT_EMIT_LOC_STRINGS = YES;
				TARGETED_DEVICE_FAMILY = "1,2";
			};
			name = Debug;
		};
		289F02BB29AC676B0002ED1A /* Release */ = {
			isa = XCBuildConfiguration;
			baseConfigurationReference = 29E1EF44CC7C10DF052098B1 /* Pods-mlysdk_objective_c-example.release.xcconfig */;
			buildSettings = {
				ASSETCATALOG_COMPILER_APPICON_NAME = AppIcon;
				ASSETCATALOG_COMPILER_GLOBAL_ACCENT_COLOR_NAME = AccentColor;
				CODE_SIGN_STYLE = Automatic;
				CURRENT_PROJECT_VERSION = 1;
				DEVELOPMENT_TEAM = BXKWR2LZDX;
				GENERATE_INFOPLIST_FILE = YES;
				INFOPLIST_FILE = "mlysdk_objective_c-example/Info.plist";
				INFOPLIST_KEY_UIApplicationSupportsIndirectInputEvents = YES;
				INFOPLIST_KEY_UILaunchStoryboardName = LaunchScreen.storyboard;
				INFOPLIST_KEY_UIMainStoryboardFile = Main;
				INFOPLIST_KEY_UISupportedInterfaceOrientations = UIInterfaceOrientationPortrait;
				IPHONEOS_DEPLOYMENT_TARGET = 14.0;
				LD_RUNPATH_SEARCH_PATHS = (
					"$(inherited)",
					"@executable_path/Frameworks",
				);
				MARKETING_VERSION = 1.0;
				PRODUCT_BUNDLE_IDENTIFIER = "org.cocoapods.demo.mlysdk-objective-c.mlysdk-objective-c-example";
				PRODUCT_NAME = "$(TARGET_NAME)";
				SWIFT_EMIT_LOC_STRINGS = YES;
				TARGETED_DEVICE_FAMILY = "1,2";
			};
			name = Release;
		};
/* End XCBuildConfiguration section */

/* Begin XCConfigurationList section */
		289F029B29AC67690002ED1A /* Build configuration list for PBXProject "mlysdk_objective_c-example" */ = {
			isa = XCConfigurationList;
			buildConfigurations = (
				289F02B729AC676B0002ED1A /* Debug */,
				289F02B829AC676B0002ED1A /* Release */,
			);
			defaultConfigurationIsVisible = 0;
			defaultConfigurationName = Release;
		};
		289F02B929AC676B0002ED1A /* Build configuration list for PBXNativeTarget "mlysdk_objective_c-example" */ = {
			isa = XCConfigurationList;
			buildConfigurations = (
				289F02BA29AC676B0002ED1A /* Debug */,
				289F02BB29AC676B0002ED1A /* Release */,
			);
			defaultConfigurationIsVisible = 0;
			defaultConfigurationName = Release;
		};
/* End XCConfigurationList section */
	};
	rootObject = 289F029829AC67690002ED1A /* Project object */;
}
