// !$*UTF8*$!
{
	archiveVersion = 1;
	classes = {
	};
	objectVersion = 56;
	objects = {

/* Begin PBXBuildFile section */
		289F028429AC67110002ED1A /* AppDelegate.swift in Sources */ = {isa = PBXBuildFile; fileRef = 289F028329AC67110002ED1A /* AppDelegate.swift */; };
		289F028829AC67110002ED1A /* PlayerViewController.swift in Sources */ = {isa = PBXBuildFile; fileRef = 289F028729AC67110002ED1A /* PlayerViewController.swift */; };
		289F028B29AC67110002ED1A /* Main.storyboard in Resources */ = {isa = PBXBuildFile; fileRef = 289F028929AC67110002ED1A /* Main.storyboard */; };
		289F028D29AC67120002ED1A /* Assets.xcassets in Resources */ = {isa = PBXBuildFile; fileRef = 289F028C29AC67120002ED1A /* Assets.xcassets */; };
		289F029029AC67120002ED1A /* LaunchScreen.storyboard in Resources */ = {isa = PBXBuildFile; fileRef = 289F028E29AC67120002ED1A /* LaunchScreen.storyboard */; };
		F9D4EFB8C31FE20124CF82EE /* Pods_mlysdk_swift_example.framework in Frameworks */ = {isa = PBXBuildFile; fileRef = 987ADF7885AB2717CC544470 /* Pods_mlysdk_swift_example.framework */; };
/* End PBXBuildFile section */

/* Begin PBXFileReference section */
		0B4965B13C2C24C3B2C077D8 /* Pods-mlysdk_swift-example.debug.xcconfig */ = {isa = PBXFileReference; includeInIndex = 1; lastKnownFileType = text.xcconfig; name = "Pods-mlysdk_swift-example.debug.xcconfig"; path = "Target Support Files/Pods-mlysdk_swift-example/Pods-mlysdk_swift-example.debug.xcconfig"; sourceTree = "<group>"; };
		289F028029AC67110002ED1A /* mlysdk_swift-example.app */ = {isa = PBXFileReference; explicitFileType = wrapper.application; includeInIndex = 0; path = "mlysdk_swift-example.app"; sourceTree = BUILT_PRODUCTS_DIR; };
		289F028329AC67110002ED1A /* AppDelegate.swift */ = {isa = PBXFileReference; lastKnownFileType = sourcecode.swift; path = AppDelegate.swift; sourceTree = "<group>"; };
		289F028729AC67110002ED1A /* PlayerViewController.swift */ = {isa = PBXFileReference; lastKnownFileType = sourcecode.swift; path = PlayerViewController.swift; sourceTree = "<group>"; };
		289F028A29AC67110002ED1A /* Base */ = {isa = PBXFileReference; lastKnownFileType = file.storyboard; name = Base; path = Base.lproj/Main.storyboard; sourceTree = "<group>"; };
		289F028C29AC67120002ED1A /* Assets.xcassets */ = {isa = PBXFileReference; lastKnownFileType = folder.assetcatalog; path = Assets.xcassets; sourceTree = "<group>"; };
		289F028F29AC67120002ED1A /* Base */ = {isa = PBXFileReference; lastKnownFileType = file.storyboard; name = Base; path = Base.lproj/LaunchScreen.storyboard; sourceTree = "<group>"; };
		289F029129AC67120002ED1A /* Info.plist */ = {isa = PBXFileReference; lastKnownFileType = text.plist.xml; path = Info.plist; sourceTree = "<group>"; };
		987ADF7885AB2717CC544470 /* Pods_mlysdk_swift_example.framework */ = {isa = PBXFileReference; explicitFileType = wrapper.framework; includeInIndex = 0; path = Pods_mlysdk_swift_example.framework; sourceTree = BUILT_PRODUCTS_DIR; };
		DACA4E5BA4CDE607771C3E85 /* Pods-mlysdk_swift-example.release.xcconfig */ = {isa = PBXFileReference; includeInIndex = 1; lastKnownFileType = text.xcconfig; name = "Pods-mlysdk_swift-example.release.xcconfig"; path = "Target Support Files/Pods-mlysdk_swift-example/Pods-mlysdk_swift-example.release.xcconfig"; sourceTree = "<group>"; };
/* End PBXFileReference section */

/* Begin PBXFrameworksBuildPhase section */
		289F027D29AC67110002ED1A /* Frameworks */ = {
			isa = PBXFrameworksBuildPhase;
			buildActionMask = 2147483647;
			files = (
				F9D4EFB8C31FE20124CF82EE /* Pods_mlysdk_swift_example.framework in Frameworks */,
			);
			runOnlyForDeploymentPostprocessing = 0;
		};
/* End PBXFrameworksBuildPhase section */

/* Begin PBXGroup section */
		289F027729AC67110002ED1A = {
			isa = PBXGroup;
			children = (
				289F028229AC67110002ED1A /* mlysdk_swift-example */,
				289F028129AC67110002ED1A /* Products */,
				736865A69239FC66B8327876 /* Pods */,
				E702F2D1C25B8727D7960756 /* Frameworks */,
			);
			sourceTree = "<group>";
		};
		289F028129AC67110002ED1A /* Products */ = {
			isa = PBXGroup;
			children = (
				289F028029AC67110002ED1A /* mlysdk_swift-example.app */,
			);
			name = Products;
			sourceTree = "<group>";
		};
		289F028229AC67110002ED1A /* mlysdk_swift-example */ = {
			isa = PBXGroup;
			children = (
				289F028329AC67110002ED1A /* AppDelegate.swift */,
				289F028729AC67110002ED1A /* PlayerViewController.swift */,
				289F028929AC67110002ED1A /* Main.storyboard */,
				289F028C29AC67120002ED1A /* Assets.xcassets */,
				289F028E29AC67120002ED1A /* LaunchScreen.storyboard */,
				289F029129AC67120002ED1A /* Info.plist */,
			);
			path = "mlysdk_swift-example";
			sourceTree = "<group>";
		};
		736865A69239FC66B8327876 /* Pods */ = {
			isa = PBXGroup;
			children = (
				0B4965B13C2C24C3B2C077D8 /* Pods-mlysdk_swift-example.debug.xcconfig */,
				DACA4E5BA4CDE607771C3E85 /* Pods-mlysdk_swift-example.release.xcconfig */,
			);
			name = Pods;
			path = ../Pods;
			sourceTree = "<group>";
		};
		E702F2D1C25B8727D7960756 /* Frameworks */ = {
			isa = PBXGroup;
			children = (
				987ADF7885AB2717CC544470 /* Pods_mlysdk_swift_example.framework */,
			);
			name = Frameworks;
			sourceTree = "<group>";
		};
/* End PBXGroup section */

/* Begin PBXNativeTarget section */
		289F027F29AC67110002ED1A /* mlysdk_swift-example */ = {
			isa = PBXNativeTarget;
			buildConfigurationList = 289F029429AC67120002ED1A /* Build configuration list for PBXNativeTarget "mlysdk_swift-example" */;
			buildPhases = (
				2720875A9A62655D4E3F19C9 /* [CP] Check Pods Manifest.lock */,
				289F027C29AC67110002ED1A /* Sources */,
				289F027D29AC67110002ED1A /* Frameworks */,
				289F027E29AC67110002ED1A /* Resources */,
				0544ED41DA5F4B6321C65EF8 /* [CP] Embed Pods Frameworks */,
			);
			buildRules = (
			);
			dependencies = (
			);
			name = "mlysdk_swift-example";
			productName = "mlysdk_swift-example";
			productReference = 289F028029AC67110002ED1A /* mlysdk_swift-example.app */;
			productType = "com.apple.product-type.application";
		};
/* End PBXNativeTarget section */

/* Begin PBXProject section */
		289F027829AC67110002ED1A /* Project object */ = {
			isa = PBXProject;
			attributes = {
				BuildIndependentTargetsInParallel = 1;
				LastSwiftUpdateCheck = 1420;
				LastUpgradeCheck = 1420;
				TargetAttributes = {
					289F027F29AC67110002ED1A = {
						CreatedOnToolsVersion = 14.2;
					};
				};
			};
			buildConfigurationList = 289F027B29AC67110002ED1A /* Build configuration list for PBXProject "mlysdk_swift-example" */;
			compatibilityVersion = "Xcode 14.0";
			developmentRegion = en;
			hasScannedForEncodings = 0;
			knownRegions = (
				en,
				Base,
			);
			mainGroup = 289F027729AC67110002ED1A;
			productRefGroup = 289F028129AC67110002ED1A /* Products */;
			projectDirPath = "";
			projectRoot = "";
			targets = (
				289F027F29AC67110002ED1A /* mlysdk_swift-example */,
			);
		};
/* End PBXProject section */

/* Begin PBXResourcesBuildPhase section */
		289F027E29AC67110002ED1A /* Resources */ = {
			isa = PBXResourcesBuildPhase;
			buildActionMask = 2147483647;
			files = (
				289F029029AC67120002ED1A /* LaunchScreen.storyboard in Resources */,
				289F028D29AC67120002ED1A /* Assets.xcassets in Resources */,
				289F028B29AC67110002ED1A /* Main.storyboard in Resources */,
			);
			runOnlyForDeploymentPostprocessing = 0;
		};
/* End PBXResourcesBuildPhase section */

/* Begin PBXShellScriptBuildPhase section */
		0544ED41DA5F4B6321C65EF8 /* [CP] Embed Pods Frameworks */ = {
			isa = PBXShellScriptBuildPhase;
			buildActionMask = 2147483647;
			files = (
			);
			inputFileListPaths = (
				"${PODS_ROOT}/Target Support Files/Pods-mlysdk_swift-example/Pods-mlysdk_swift-example-frameworks-${CONFIGURATION}-input-files.xcfilelist",
			);
			name = "[CP] Embed Pods Frameworks";
			outputFileListPaths = (
				"${PODS_ROOT}/Target Support Files/Pods-mlysdk_swift-example/Pods-mlysdk_swift-example-frameworks-${CONFIGURATION}-output-files.xcfilelist",
			);
			runOnlyForDeploymentPostprocessing = 0;
			shellPath = /bin/sh;
			shellScript = "\"${PODS_ROOT}/Target Support Files/Pods-mlysdk_swift-example/Pods-mlysdk_swift-example-frameworks.sh\"\n";
			showEnvVarsInLog = 0;
		};
		2720875A9A62655D4E3F19C9 /* [CP] Check Pods Manifest.lock */ = {
			isa = PBXShellScriptBuildPhase;
			buildActionMask = 2147483647;
			files = (
			);
			inputFileListPaths = (
			);
			inputPaths = (
				"${PODS_PODFILE_DIR_PATH}/Podfile.lock",
				"${PODS_ROOT}/Manifest.lock",
			);
			name = "[CP] Check Pods Manifest.lock";
			outputFileListPaths = (
			);
			outputPaths = (
				"$(DERIVED_FILE_DIR)/Pods-mlysdk_swift-example-checkManifestLockResult.txt",
			);
			runOnlyForDeploymentPostprocessing = 0;
			shellPath = /bin/sh;
			shellScript = "diff \"${PODS_PODFILE_DIR_PATH}/Podfile.lock\" \"${PODS_ROOT}/Manifest.lock\" > /dev/null\nif [ $? != 0 ] ; then\n    # print error to STDERR\n    echo \"error: The sandbox is not in sync with the Podfile.lock. Run 'pod install' or update your CocoaPods installation.\" >&2\n    exit 1\nfi\n# This output is used by Xcode 'outputs' to avoid re-running this script phase.\necho \"SUCCESS\" > \"${SCRIPT_OUTPUT_FILE_0}\"\n";
			showEnvVarsInLog = 0;
		};
/* End PBXShellScriptBuildPhase section */

/* Begin PBXSourcesBuildPhase section */
		289F027C29AC67110002ED1A /* Sources */ = {
			isa = PBXSourcesBuildPhase;
			buildActionMask = 2147483647;
			files = (
				289F028829AC67110002ED1A /* PlayerViewController.swift in Sources */,
				289F028429AC67110002ED1A /* AppDelegate.swift in Sources */,
			);
			runOnlyForDeploymentPostprocessing = 0;
		};
/* End PBXSourcesBuildPhase section */

/* Begin PBXVariantGroup section */
		289F028929AC67110002ED1A /* Main.storyboard */ = {
			isa = PBXVariantGroup;
			children = (
				289F028A29AC67110002ED1A /* Base */,
			);
			name = Main.storyboard;
			sourceTree = "<group>";
		};
		289F028E29AC67120002ED1A /* LaunchScreen.storyboard */ = {
			isa = PBXVariantGroup;
			children = (
				289F028F29AC67120002ED1A /* Base */,
			);
			name = LaunchScreen.storyboard;
			sourceTree = "<group>";
		};
/* End PBXVariantGroup section */

/* Begin XCBuildConfiguration section */
		289F029229AC67120002ED1A /* Debug */ = {
			isa = XCBuildConfiguration;
			buildSettings = {
				ALWAYS_SEARCH_USER_PATHS = NO;
				CLANG_ANALYZER_NONNULL = YES;
				CLANG_ANALYZER_NUMBER_OBJECT_CONVERSION = YES_AGGRESSIVE;
				CLANG_CXX_LANGUAGE_STANDARD = "gnu++20";
				CLANG_ENABLE_MODULES = YES;
				CLANG_ENABLE_OBJC_ARC = YES;
				CLANG_ENABLE_OBJC_WEAK = YES;
				CLANG_WARN_BLOCK_CAPTURE_AUTORELEASING = YES;
				CLANG_WARN_BOOL_CONVERSION = YES;
				CLANG_WARN_COMMA = YES;
				CLANG_WARN_CONSTANT_CONVERSION = YES;
				CLANG_WARN_DEPRECATED_OBJC_IMPLEMENTATIONS = YES;
				CLANG_WARN_DIRECT_OBJC_ISA_USAGE = YES_ERROR;
				CLANG_WARN_DOCUMENTATION_COMMENTS = YES;
				CLANG_WARN_EMPTY_BODY = YES;
				CLANG_WARN_ENUM_CONVERSION = YES;
				CLANG_WARN_INFINITE_RECURSION = YES;
				CLANG_WARN_INT_CONVERSION = YES;
				CLANG_WARN_NON_LITERAL_NULL_CONVERSION = YES;
				CLANG_WARN_OBJC_IMPLICIT_RETAIN_SELF = YES;
				CLANG_WARN_OBJC_LITERAL_CONVERSION = YES;
				CLANG_WARN_OBJC_ROOT_CLASS = YES_ERROR;
				CLANG_WARN_QUOTED_INCLUDE_IN_FRAMEWORK_HEADER = YES;
				CLANG_WARN_RANGE_LOOP_ANALYSIS = YES;
				CLANG_WARN_STRICT_PROTOTYPES = YES;
				CLANG_WARN_SUSPICIOUS_MOVE = YES;
				CLANG_WARN_UNGUARDED_AVAILABILITY = YES_AGGRESSIVE;
				CLANG_WARN_UNREACHABLE_CODE = YES;
				CLANG_WARN__DUPLICATE_METHOD_MATCH = YES;
				COPY_PHASE_STRIP = NO;
				DEBUG_INFORMATION_FORMAT = dwarf;
				ENABLE_STRICT_OBJC_MSGSEND = YES;
				ENABLE_TESTABILITY = YES;
				GCC_C_LANGUAGE_STANDARD = gnu11;
				GCC_DYNAMIC_NO_PIC = NO;
				GCC_NO_COMMON_BLOCKS = YES;
				GCC_OPTIMIZATION_LEVEL = 0;
				GCC_PREPROCESSOR_DEFINITIONS = (
					"DEBUG=1",
					"$(inherited)",
				);
				GCC_WARN_64_TO_32_BIT_CONVERSION = YES;
				GCC_WARN_ABOUT_RETURN_TYPE = YES_ERROR;
				GCC_WARN_UNDECLARED_SELECTOR = YES;
				GCC_WARN_UNINITIALIZED_AUTOS = YES_AGGRESSIVE;
				GCC_WARN_UNUSED_FUNCTION = YES;
				GCC_WARN_UNUSED_VARIABLE = YES;
				IPHONEOS_DEPLOYMENT_TARGET = 16.2;
				MTL_ENABLE_DEBUG_INFO = INCLUDE_SOURCE;
				MTL_FAST_MATH = YES;
				ONLY_ACTIVE_ARCH = YES;
				SDKROOT = iphoneos;
				SWIFT_ACTIVE_COMPILATION_CONDITIONS = DEBUG;
				SWIFT_OPTIMIZATION_LEVEL = "-Onone";
			};
			name = Debug;
		};
		289F029329AC67120002ED1A /* Release */ = {
			isa = XCBuildConfiguration;
			buildSettings = {
				ALWAYS_SEARCH_USER_PATHS = NO;
				CLANG_ANALYZER_NONNULL = YES;
				CLANG_ANALYZER_NUMBER_OBJECT_CONVERSION = YES_AGGRESSIVE;
				CLANG_CXX_LANGUAGE_STANDARD = "gnu++20";
				CLANG_ENABLE_MODULES = YES;
				CLANG_ENABLE_OBJC_ARC = YES;
				CLANG_ENABLE_OBJC_WEAK = YES;
				CLANG_WARN_BLOCK_CAPTURE_AUTORELEASING = YES;
				CLANG_WARN_BOOL_CONVERSION = YES;
				CLANG_WARN_COMMA = YES;
				CLANG_WARN_CONSTANT_CONVERSION = YES;
				CLANG_WARN_DEPRECATED_OBJC_IMPLEMENTATIONS = YES;
				CLANG_WARN_DIRECT_OBJC_ISA_USAGE = YES_ERROR;
				CLANG_WARN_DOCUMENTATION_COMMENTS = YES;
				CLANG_WARN_EMPTY_BODY = YES;
				CLANG_WARN_ENUM_CONVERSION = YES;
				CLANG_WARN_INFINITE_RECURSION = YES;
				CLANG_WARN_INT_CONVERSION = YES;
				CLANG_WARN_NON_LITERAL_NULL_CONVERSION = YES;
				CLANG_WARN_OBJC_IMPLICIT_RETAIN_SELF = YES;
				CLANG_WARN_OBJC_LITERAL_CONVERSION = YES;
				CLANG_WARN_OBJC_ROOT_CLASS = YES_ERROR;
				CLANG_WARN_QUOTED_INCLUDE_IN_FRAMEWORK_HEADER = YES;
				CLANG_WARN_RANGE_LOOP_ANALYSIS = YES;
				CLANG_WARN_STRICT_PROTOTYPES = YES;
				CLANG_WARN_SUSPICIOUS_MOVE = YES;
				CLANG_WARN_UNGUARDED_AVAILABILITY = YES_AGGRESSIVE;
				CLANG_WARN_UNREACHABLE_CODE = YES;
				CLANG_WARN__DUPLICATE_METHOD_MATCH = YES;
				COPY_PHASE_STRIP = NO;
				DEBUG_INFORMATION_FORMAT = "dwarf-with-dsym";
				ENABLE_NS_ASSERTIONS = NO;
				ENABLE_STRICT_OBJC_MSGSEND = YES;
				GCC_C_LANGUAGE_STANDARD = gnu11;
				GCC_NO_COMMON_BLOCKS = YES;
				GCC_WARN_64_TO_32_BIT_CONVERSION = YES;
				GCC_WARN_ABOUT_RETURN_TYPE = YES_ERROR;
				GCC_WARN_UNDECLARED_SELECTOR = YES;
				GCC_WARN_UNINITIALIZED_AUTOS = YES_AGGRESSIVE;
				GCC_WARN_UNUSED_FUNCTION = YES;
				GCC_WARN_UNUSED_VARIABLE = YES;
				IPHONEOS_DEPLOYMENT_TARGET = 16.2;
				MTL_ENABLE_DEBUG_INFO = NO;
				MTL_FAST_MATH = YES;
				SDKROOT = iphoneos;
				SWIFT_COMPILATION_MODE = wholemodule;
				SWIFT_OPTIMIZATION_LEVEL = "-O";
				VALIDATE_PRODUCT = YES;
			};
			name = Release;
		};
		289F029529AC67120002ED1A /* Debug */ = {
			isa = XCBuildConfiguration;
			baseConfigurationReference = 0B4965B13C2C24C3B2C077D8 /* Pods-mlysdk_swift-example.debug.xcconfig */;
			buildSettings = {
				ASSETCATALOG_COMPILER_APPICON_NAME = AppIcon;
				ASSETCATALOG_COMPILER_GLOBAL_ACCENT_COLOR_NAME = AccentColor;
				CODE_SIGN_STYLE = Automatic;
				CURRENT_PROJECT_VERSION = 1;
				DEVELOPMENT_TEAM = BXKWR2LZDX;
				GENERATE_INFOPLIST_FILE = YES;
				INFOPLIST_FILE = "mlysdk_swift-example/Info.plist";
				INFOPLIST_KEY_UIApplicationSupportsIndirectInputEvents = YES;
				INFOPLIST_KEY_UILaunchStoryboardName = LaunchScreen.storyboard;
				INFOPLIST_KEY_UIMainStoryboardFile = Main;
				INFOPLIST_KEY_UISupportedInterfaceOrientations = UIInterfaceOrientationPortrait;
				IPHONEOS_DEPLOYMENT_TARGET = 14.0;
				LD_RUNPATH_SEARCH_PATHS = (
					"$(inherited)",
					"@executable_path/Frameworks",
				);
				MARKETING_VERSION = 1.0;
				PRODUCT_BUNDLE_IDENTIFIER = "org.cocoapods.demo.mlysdk-swift.mlysdk-swift-example";
				PRODUCT_NAME = "$(TARGET_NAME)";
				SWIFT_EMIT_LOC_STRINGS = YES;
				SWIFT_VERSION = 5.0;
				TARGETED_DEVICE_FAMILY = "1,2";
			};
			name = Debug;
		};
		289F029629AC67120002ED1A /* Release */ = {
			isa = XCBuildConfiguration;
			baseConfigurationReference = DACA4E5BA4CDE607771C3E85 /* Pods-mlysdk_swift-example.release.xcconfig */;
			buildSettings = {
				ASSETCATALOG_COMPILER_APPICON_NAME = AppIcon;
				ASSETCATALOG_COMPILER_GLOBAL_ACCENT_COLOR_NAME = AccentColor;
				CODE_SIGN_STYLE = Automatic;
				CURRENT_PROJECT_VERSION = 1;
				DEVELOPMENT_TEAM = BXKWR2LZDX;
				GENERATE_INFOPLIST_FILE = YES;
				INFOPLIST_FILE = "mlysdk_swift-example/Info.plist";
				INFOPLIST_KEY_UIApplicationSupportsIndirectInputEvents = YES;
				INFOPLIST_KEY_UILaunchStoryboardName = LaunchScreen.storyboard;
				INFOPLIST_KEY_UIMainStoryboardFile = Main;
				INFOPLIST_KEY_UISupportedInterfaceOrientations = UIInterfaceOrientationPortrait;
				IPHONEOS_DEPLOYMENT_TARGET = 14.0;
				LD_RUNPATH_SEARCH_PATHS = (
					"$(inherited)",
					"@executable_path/Frameworks",
				);
				MARKETING_VERSION = 1.0;
				PRODUCT_BUNDLE_IDENTIFIER = "org.cocoapods.demo.mlysdk-swift.mlysdk-swift-example";
				PRODUCT_NAME = "$(TARGET_NAME)";
				SWIFT_EMIT_LOC_STRINGS = YES;
				SWIFT_VERSION = 5.0;
				TARGETED_DEVICE_FAMILY = "1,2";
			};
			name = Release;
		};
/* End XCBuildConfiguration section */

/* Begin XCConfigurationList section */
		289F027B29AC67110002ED1A /* Build configuration list for PBXProject "mlysdk_swift-example" */ = {
			isa = XCConfigurationList;
			buildConfigurations = (
				289F029229AC67120002ED1A /* Debug */,
				289F029329AC67120002ED1A /* Release */,
			);
			defaultConfigurationIsVisible = 0;
			defaultConfigurationName = Release;
		};
		289F029429AC67120002ED1A /* Build configuration list for PBXNativeTarget "mlysdk_swift-example" */ = {
			isa = XCConfigurationList;
			buildConfigurations = (
				289F029529AC67120002ED1A /* Debug */,
				289F029629AC67120002ED1A /* Release */,
			);
			defaultConfigurationIsVisible = 0;
			defaultConfigurationName = Release;
		};
/* End XCConfigurationList section */
	};
	rootObject = 289F027829AC67110002ED1A /* Project object */;
}
